// !$*UTF8*$!
{
	archiveVersion = 1;
	classes = {
	};
	objectVersion = 46;
	objects = {

/* Begin PBXBuildFile section */
		55B68450BEBC9532D2FB9447 /* libPods-M2DAPIGatekeeper.a in Frameworks */ = {isa = PBXBuildFile; fileRef = 12D3A1196A128F24FA301A50 /* libPods-M2DAPIGatekeeper.a */; };
		6003F5B0195388D20070C39A /* XCTest.framework in Frameworks */ = {isa = PBXBuildFile; fileRef = 6003F5AF195388D20070C39A /* XCTest.framework */; };
		6003F5B1195388D20070C39A /* Foundation.framework in Frameworks */ = {isa = PBXBuildFile; fileRef = 6003F58D195388D20070C39A /* Foundation.framework */; };
		6003F5B2195388D20070C39A /* UIKit.framework in Frameworks */ = {isa = PBXBuildFile; fileRef = 6003F591195388D20070C39A /* UIKit.framework */; };
		6003F5BA195388D20070C39A /* InfoPlist.strings in Resources */ = {isa = PBXBuildFile; fileRef = 6003F5B8195388D20070C39A /* InfoPlist.strings */; };
		6003F5BC195388D20070C39A /* Tests.m in Sources */ = {isa = PBXBuildFile; fileRef = 6003F5BB195388D20070C39A /* Tests.m */; };
		E9876C3019DBA90000A498F3 /* M2DAPIGatekeeper.m in Sources */ = {isa = PBXBuildFile; fileRef = E9876C1D19DBA90000A498F3 /* M2DAPIGatekeeper.m */; };
		E9876C3119DBA90000A498F3 /* M2DAPIRequest.m in Sources */ = {isa = PBXBuildFile; fileRef = E9876C2019DBA90000A498F3 /* M2DAPIRequest.m */; };
		E9876C3219DBA90000A498F3 /* M2DURLConnectionOperation.m in Sources */ = {isa = PBXBuildFile; fileRef = E9876C2319DBA90000A498F3 /* M2DURLConnectionOperation.m */; };
		E9876C3319DBA90000A498F3 /* M2DNSURLConnectionExtensionConstant.m in Sources */ = {isa = PBXBuildFile; fileRef = E9876C2719DBA90000A498F3 /* M2DNSURLConnectionExtensionConstant.m */; };
		E9876C3419DBA90000A498F3 /* NSMutableURLRequest+M2DFileUpload.m in Sources */ = {isa = PBXBuildFile; fileRef = E9876C2A19DBA90000A498F3 /* NSMutableURLRequest+M2DFileUpload.m */; };
		E9876C3519DBA90000A498F3 /* NSMutableURLRequest+M2DHTTPMethod.m in Sources */ = {isa = PBXBuildFile; fileRef = E9876C2D19DBA90000A498F3 /* NSMutableURLRequest+M2DHTTPMethod.m */; };
/* End PBXBuildFile section */

/* Begin PBXFileReference section */
		12D3A1196A128F24FA301A50 /* libPods-M2DAPIGatekeeper.a */ = {isa = PBXFileReference; explicitFileType = archive.ar; includeInIndex = 0; path = "libPods-M2DAPIGatekeeper.a"; sourceTree = BUILT_PRODUCTS_DIR; };
		6003F58A195388D20070C39A /* M2DAPIGatekeeper.app */ = {isa = PBXFileReference; explicitFileType = wrapper.application; includeInIndex = 0; path = M2DAPIGatekeeper.app; sourceTree = BUILT_PRODUCTS_DIR; };
		6003F58D195388D20070C39A /* Foundation.framework */ = {isa = PBXFileReference; lastKnownFileType = wrapper.framework; name = Foundation.framework; path = System/Library/Frameworks/Foundation.framework; sourceTree = SDKROOT; };
		6003F58F195388D20070C39A /* CoreGraphics.framework */ = {isa = PBXFileReference; lastKnownFileType = wrapper.framework; name = CoreGraphics.framework; path = System/Library/Frameworks/CoreGraphics.framework; sourceTree = SDKROOT; };
		6003F591195388D20070C39A /* UIKit.framework */ = {isa = PBXFileReference; lastKnownFileType = wrapper.framework; name = UIKit.framework; path = System/Library/Frameworks/UIKit.framework; sourceTree = SDKROOT; };
		6003F5AE195388D20070C39A /* Tests.xctest */ = {isa = PBXFileReference; explicitFileType = wrapper.cfbundle; includeInIndex = 0; name = Tests.xctest; path = M2DAPIGatekeeper.xctest; sourceTree = BUILT_PRODUCTS_DIR; };
		6003F5AF195388D20070C39A /* XCTest.framework */ = {isa = PBXFileReference; lastKnownFileType = wrapper.framework; name = XCTest.framework; path = Library/Frameworks/XCTest.framework; sourceTree = DEVELOPER_DIR; };
		6003F5B7195388D20070C39A /* Tests-Info.plist */ = {isa = PBXFileReference; lastKnownFileType = text.plist.xml; path = "Tests-Info.plist"; sourceTree = "<group>"; };
		6003F5B9195388D20070C39A /* en */ = {isa = PBXFileReference; lastKnownFileType = text.plist.strings; name = en; path = en.lproj/InfoPlist.strings; sourceTree = "<group>"; };
		6003F5BB195388D20070C39A /* Tests.m */ = {isa = PBXFileReference; lastKnownFileType = sourcecode.c.objc; path = Tests.m; sourceTree = "<group>"; };
		606FC2411953D9B200FFA9A0 /* Tests-Prefix.pch */ = {isa = PBXFileReference; lastKnownFileType = sourcecode.c.h; path = "Tests-Prefix.pch"; sourceTree = "<group>"; };
		61F772A705B1029D039CB348 /* README.md */ = {isa = PBXFileReference; includeInIndex = 1; lastKnownFileType = net.daringfireball.markdown; name = README.md; path = ../README.md; sourceTree = "<group>"; };
		BEAAC63DBE0D72A24DAEEDE7 /* LICENSE */ = {isa = PBXFileReference; includeInIndex = 1; lastKnownFileType = text; name = LICENSE; path = ../LICENSE; sourceTree = "<group>"; };
		E2089528CD7581F8EEB61297 /* Pods-M2DAPIGatekeeper.release.xcconfig */ = {isa = PBXFileReference; includeInIndex = 1; lastKnownFileType = text.xcconfig; name = "Pods-M2DAPIGatekeeper.release.xcconfig"; path = "Pods/Target Support Files/Pods-M2DAPIGatekeeper/Pods-M2DAPIGatekeeper.release.xcconfig"; sourceTree = "<group>"; };
		E9876C1C19DBA90000A498F3 /* M2DAPIGatekeeper.h */ = {isa = PBXFileReference; fileEncoding = 4; lastKnownFileType = sourcecode.c.h; path = M2DAPIGatekeeper.h; sourceTree = "<group>"; };
		E9876C1D19DBA90000A498F3 /* M2DAPIGatekeeper.m */ = {isa = PBXFileReference; fileEncoding = 4; lastKnownFileType = sourcecode.c.objc; path = M2DAPIGatekeeper.m; sourceTree = "<group>"; };
		E9876C1F19DBA90000A498F3 /* M2DAPIRequest.h */ = {isa = PBXFileReference; fileEncoding = 4; lastKnownFileType = sourcecode.c.h; path = M2DAPIRequest.h; sourceTree = "<group>"; };
		E9876C2019DBA90000A498F3 /* M2DAPIRequest.m */ = {isa = PBXFileReference; fileEncoding = 4; lastKnownFileType = sourcecode.c.objc; path = M2DAPIRequest.m; sourceTree = "<group>"; };
		E9876C2219DBA90000A498F3 /* M2DURLConnectionOperation.h */ = {isa = PBXFileReference; fileEncoding = 4; lastKnownFileType = sourcecode.c.h; path = M2DURLConnectionOperation.h; sourceTree = "<group>"; };
		E9876C2319DBA90000A498F3 /* M2DURLConnectionOperation.m */ = {isa = PBXFileReference; fileEncoding = 4; lastKnownFileType = sourcecode.c.objc; path = M2DURLConnectionOperation.m; sourceTree = "<group>"; };
		E9876C2519DBA90000A498F3 /* M2DNSURLConnectionExtension.h */ = {isa = PBXFileReference; fileEncoding = 4; lastKnownFileType = sourcecode.c.h; path = M2DNSURLConnectionExtension.h; sourceTree = "<group>"; };
		E9876C2619DBA90000A498F3 /* M2DNSURLConnectionExtensionConstant.h */ = {isa = PBXFileReference; fileEncoding = 4; lastKnownFileType = sourcecode.c.h; path = M2DNSURLConnectionExtensionConstant.h; sourceTree = "<group>"; };
		E9876C2719DBA90000A498F3 /* M2DNSURLConnectionExtensionConstant.m */ = {isa = PBXFileReference; fileEncoding = 4; lastKnownFileType = sourcecode.c.objc; path = M2DNSURLConnectionExtensionConstant.m; sourceTree = "<group>"; };
		E9876C2919DBA90000A498F3 /* NSMutableURLRequest+M2DFileUpload.h */ = {isa = PBXFileReference; fileEncoding = 4; lastKnownFileType = sourcecode.c.h; path = "NSMutableURLRequest+M2DFileUpload.h"; sourceTree = "<group>"; };
		E9876C2A19DBA90000A498F3 /* NSMutableURLRequest+M2DFileUpload.m */ = {isa = PBXFileReference; fileEncoding = 4; lastKnownFileType = sourcecode.c.objc; path = "NSMutableURLRequest+M2DFileUpload.m"; sourceTree = "<group>"; };
		E9876C2C19DBA90000A498F3 /* NSMutableURLRequest+M2DHTTPMethod.h */ = {isa = PBXFileReference; fileEncoding = 4; lastKnownFileType = sourcecode.c.h; path = "NSMutableURLRequest+M2DHTTPMethod.h"; sourceTree = "<group>"; };
		E9876C2D19DBA90000A498F3 /* NSMutableURLRequest+M2DHTTPMethod.m */ = {isa = PBXFileReference; fileEncoding = 4; lastKnownFileType = sourcecode.c.objc; path = "NSMutableURLRequest+M2DHTTPMethod.m"; sourceTree = "<group>"; };
		E9876C3719DBB01800A498F3 /* M2DAPIGatekeeper-prefix.pch */ = {isa = PBXFileReference; lastKnownFileType = sourcecode.c.h; path = "M2DAPIGatekeeper-prefix.pch"; sourceTree = "<group>"; };
		EE36EA39BA7DC2A71940E5ED /* Pods-M2DAPIGatekeeper.debug.xcconfig */ = {isa = PBXFileReference; includeInIndex = 1; lastKnownFileType = text.xcconfig; name = "Pods-M2DAPIGatekeeper.debug.xcconfig"; path = "Pods/Target Support Files/Pods-M2DAPIGatekeeper/Pods-M2DAPIGatekeeper.debug.xcconfig"; sourceTree = "<group>"; };
		F53CB8BBC19418446CDC1C53 /* M2DAPIGatekeeper.podspec */ = {isa = PBXFileReference; includeInIndex = 1; lastKnownFileType = text; name = M2DAPIGatekeeper.podspec; path = ../M2DAPIGatekeeper.podspec; sourceTree = "<group>"; };
/* End PBXFileReference section */

/* Begin PBXFrameworksBuildPhase section */
		6003F5AB195388D20070C39A /* Frameworks */ = {
			isa = PBXFrameworksBuildPhase;
			buildActionMask = 2147483647;
			files = (
				6003F5B0195388D20070C39A /* XCTest.framework in Frameworks */,
				6003F5B2195388D20070C39A /* UIKit.framework in Frameworks */,
				6003F5B1195388D20070C39A /* Foundation.framework in Frameworks */,
				55B68450BEBC9532D2FB9447 /* libPods-M2DAPIGatekeeper.a in Frameworks */,
			);
			runOnlyForDeploymentPostprocessing = 0;
		};
/* End PBXFrameworksBuildPhase section */

/* Begin PBXGroup section */
		6003F581195388D10070C39A = {
			isa = PBXGroup;
			children = (
				E9876C3719DBB01800A498F3 /* M2DAPIGatekeeper-prefix.pch */,
				60FF7A9C1954A5C5007DD14C /* Podspec Metadata */,
				E9876C1619DBA90000A498F3 /* Pod */,
				6003F5B5195388D20070C39A /* Tests */,
				6003F58C195388D20070C39A /* Frameworks */,
				6003F58B195388D20070C39A /* Products */,
				C3D5111A5F40085F28D7C5A0 /* Pods */,
			);
			sourceTree = "<group>";
		};
		6003F58B195388D20070C39A /* Products */ = {
			isa = PBXGroup;
			children = (
				6003F58A195388D20070C39A /* M2DAPIGatekeeper.app */,
				6003F5AE195388D20070C39A /* Tests.xctest */,
			);
			name = Products;
			sourceTree = "<group>";
		};
		6003F58C195388D20070C39A /* Frameworks */ = {
			isa = PBXGroup;
			children = (
				6003F58D195388D20070C39A /* Foundation.framework */,
				6003F58F195388D20070C39A /* CoreGraphics.framework */,
				6003F591195388D20070C39A /* UIKit.framework */,
				6003F5AF195388D20070C39A /* XCTest.framework */,
				12D3A1196A128F24FA301A50 /* libPods-M2DAPIGatekeeper.a */,
			);
			name = Frameworks;
			sourceTree = "<group>";
		};
		6003F5B5195388D20070C39A /* Tests */ = {
			isa = PBXGroup;
			children = (
				6003F5BB195388D20070C39A /* Tests.m */,
				6003F5B6195388D20070C39A /* Supporting Files */,
			);
			path = Tests;
			sourceTree = "<group>";
		};
		6003F5B6195388D20070C39A /* Supporting Files */ = {
			isa = PBXGroup;
			children = (
				6003F5B7195388D20070C39A /* Tests-Info.plist */,
				6003F5B8195388D20070C39A /* InfoPlist.strings */,
				606FC2411953D9B200FFA9A0 /* Tests-Prefix.pch */,
			);
			name = "Supporting Files";
			sourceTree = "<group>";
		};
		60FF7A9C1954A5C5007DD14C /* Podspec Metadata */ = {
			isa = PBXGroup;
			children = (
				F53CB8BBC19418446CDC1C53 /* M2DAPIGatekeeper.podspec */,
				61F772A705B1029D039CB348 /* README.md */,
				BEAAC63DBE0D72A24DAEEDE7 /* LICENSE */,
			);
			name = "Podspec Metadata";
			sourceTree = "<group>";
		};
		C3D5111A5F40085F28D7C5A0 /* Pods */ = {
			isa = PBXGroup;
			children = (
				EE36EA39BA7DC2A71940E5ED /* Pods-M2DAPIGatekeeper.debug.xcconfig */,
				E2089528CD7581F8EEB61297 /* Pods-M2DAPIGatekeeper.release.xcconfig */,
			);
			name = Pods;
			sourceTree = "<group>";
		};
		E9876C1619DBA90000A498F3 /* Pod */ = {
			isa = PBXGroup;
			children = (
				E9876C1919DBA90000A498F3 /* Classes */,
			);
			name = Pod;
			path = ../Pod;
			sourceTree = "<group>";
		};
		E9876C1919DBA90000A498F3 /* Classes */ = {
			isa = PBXGroup;
			children = (
				E9876C1B19DBA90000A498F3 /* M2DAPIGatekeeper */,
				E9876C1E19DBA90000A498F3 /* M2DAPIRequest */,
				E9876C2119DBA90000A498F3 /* M2DURLConnectionOperation */,
				E9876C2419DBA90000A498F3 /* NSURLConnectionExtension */,
			);
			path = Classes;
			sourceTree = "<group>";
		};
		E9876C1B19DBA90000A498F3 /* M2DAPIGatekeeper */ = {
			isa = PBXGroup;
			children = (
				E9876C1C19DBA90000A498F3 /* M2DAPIGatekeeper.h */,
				E9876C1D19DBA90000A498F3 /* M2DAPIGatekeeper.m */,
			);
			path = M2DAPIGatekeeper;
			sourceTree = "<group>";
		};
		E9876C1E19DBA90000A498F3 /* M2DAPIRequest */ = {
			isa = PBXGroup;
			children = (
				E9876C1F19DBA90000A498F3 /* M2DAPIRequest.h */,
				E9876C2019DBA90000A498F3 /* M2DAPIRequest.m */,
			);
			path = M2DAPIRequest;
			sourceTree = "<group>";
		};
		E9876C2119DBA90000A498F3 /* M2DURLConnectionOperation */ = {
			isa = PBXGroup;
			children = (
				E9876C2219DBA90000A498F3 /* M2DURLConnectionOperation.h */,
				E9876C2319DBA90000A498F3 /* M2DURLConnectionOperation.m */,
			);
			path = M2DURLConnectionOperation;
			sourceTree = "<group>";
		};
		E9876C2419DBA90000A498F3 /* NSURLConnectionExtension */ = {
			isa = PBXGroup;
			children = (
				E9876C2519DBA90000A498F3 /* M2DNSURLConnectionExtension.h */,
				E9876C2619DBA90000A498F3 /* M2DNSURLConnectionExtensionConstant.h */,
				E9876C2719DBA90000A498F3 /* M2DNSURLConnectionExtensionConstant.m */,
				E9876C2819DBA90000A498F3 /* NSMutableURLRequest+FileUpload */,
				E9876C2B19DBA90000A498F3 /* NSMutableURLRequest+HTTPMethod */,
			);
			path = NSURLConnectionExtension;
			sourceTree = "<group>";
		};
		E9876C2819DBA90000A498F3 /* NSMutableURLRequest+FileUpload */ = {
			isa = PBXGroup;
			children = (
				E9876C2919DBA90000A498F3 /* NSMutableURLRequest+M2DFileUpload.h */,
				E9876C2A19DBA90000A498F3 /* NSMutableURLRequest+M2DFileUpload.m */,
			);
			path = "NSMutableURLRequest+FileUpload";
			sourceTree = "<group>";
		};
		E9876C2B19DBA90000A498F3 /* NSMutableURLRequest+HTTPMethod */ = {
			isa = PBXGroup;
			children = (
				E9876C2C19DBA90000A498F3 /* NSMutableURLRequest+M2DHTTPMethod.h */,
				E9876C2D19DBA90000A498F3 /* NSMutableURLRequest+M2DHTTPMethod.m */,
			);
			path = "NSMutableURLRequest+HTTPMethod";
			sourceTree = "<group>";
		};
/* End PBXGroup section */

/* Begin PBXNativeTarget section */
		6003F5AD195388D20070C39A /* M2DAPIGatekeeper */ = {
			isa = PBXNativeTarget;
			buildConfigurationList = 6003F5C2195388D20070C39A /* Build configuration list for PBXNativeTarget "M2DAPIGatekeeper" */;
			buildPhases = (
				FC653E5FB3F7BE229677F0AD /* Check Pods Manifest.lock */,
				6003F5AA195388D20070C39A /* Sources */,
				6003F5AB195388D20070C39A /* Frameworks */,
				6003F5AC195388D20070C39A /* Resources */,
				313E14D0A78D958A541B4CBB /* Copy Pods Resources */,
			);
			buildRules = (
			);
			dependencies = (
			);
			name = M2DAPIGatekeeper;
			productName = M2DAPIGatekeeperTests;
			productReference = 6003F5AE195388D20070C39A /* Tests.xctest */;
			productType = "com.apple.product-type.bundle.unit-test";
		};
/* End PBXNativeTarget section */

/* Begin PBXProject section */
		6003F582195388D10070C39A /* Project object */ = {
			isa = PBXProject;
			attributes = {
				CLASSPREFIX = M2D;
				LastUpgradeCheck = 0510;
				ORGANIZATIONNAME = "Akira Matsuda";
				TargetAttributes = {
					6003F5AD195388D20070C39A = {
						TestTargetID = 6003F589195388D20070C39A;
					};
				};
			};
			buildConfigurationList = 6003F585195388D10070C39A /* Build configuration list for PBXProject "M2DAPIGatekeeper" */;
			compatibilityVersion = "Xcode 3.2";
			developmentRegion = English;
			hasScannedForEncodings = 0;
			knownRegions = (
				en,
				Base,
			);
			mainGroup = 6003F581195388D10070C39A;
			productRefGroup = 6003F58B195388D20070C39A /* Products */;
			projectDirPath = "";
			projectRoot = "";
			targets = (
				6003F5AD195388D20070C39A /* M2DAPIGatekeeper */,
			);
		};
/* End PBXProject section */

/* Begin PBXResourcesBuildPhase section */
		6003F5AC195388D20070C39A /* Resources */ = {
			isa = PBXResourcesBuildPhase;
			buildActionMask = 2147483647;
			files = (
				6003F5BA195388D20070C39A /* InfoPlist.strings in Resources */,
			);
			runOnlyForDeploymentPostprocessing = 0;
		};
/* End PBXResourcesBuildPhase section */

/* Begin PBXShellScriptBuildPhase section */
		313E14D0A78D958A541B4CBB /* Copy Pods Resources */ = {
			isa = PBXShellScriptBuildPhase;
			buildActionMask = 2147483647;
			files = (
			);
			inputPaths = (
			);
			name = "Copy Pods Resources";
			outputPaths = (
			);
			runOnlyForDeploymentPostprocessing = 0;
			shellPath = /bin/sh;
			shellScript = "\"${SRCROOT}/Pods/Target Support Files/Pods-M2DAPIGatekeeper/Pods-M2DAPIGatekeeper-resources.sh\"\n";
			showEnvVarsInLog = 0;
		};
		FC653E5FB3F7BE229677F0AD /* Check Pods Manifest.lock */ = {
			isa = PBXShellScriptBuildPhase;
			buildActionMask = 2147483647;
			files = (
			);
			inputPaths = (
			);
			name = "Check Pods Manifest.lock";
			outputPaths = (
			);
			runOnlyForDeploymentPostprocessing = 0;
			shellPath = /bin/sh;
			shellScript = "diff \"${PODS_ROOT}/../Podfile.lock\" \"${PODS_ROOT}/Manifest.lock\" > /dev/null\nif [[ $? != 0 ]] ; then\n    cat << EOM\nerror: The sandbox is not in sync with the Podfile.lock. Run 'pod install' or update your CocoaPods installation.\nEOM\n    exit 1\nfi\n";
			showEnvVarsInLog = 0;
		};
/* End PBXShellScriptBuildPhase section */

/* Begin PBXSourcesBuildPhase section */
		6003F5AA195388D20070C39A /* Sources */ = {
			isa = PBXSourcesBuildPhase;
			buildActionMask = 2147483647;
			files = (
				E9876C3419DBA90000A498F3 /* NSMutableURLRequest+M2DFileUpload.m in Sources */,
				E9876C3119DBA90000A498F3 /* M2DAPIRequest.m in Sources */,
				E9876C3219DBA90000A498F3 /* M2DURLConnectionOperation.m in Sources */,
				E9876C3519DBA90000A498F3 /* NSMutableURLRequest+M2DHTTPMethod.m in Sources */,
				E9876C3319DBA90000A498F3 /* M2DNSURLConnectionExtensionConstant.m in Sources */,
				6003F5BC195388D20070C39A /* Tests.m in Sources */,
				E9876C3019DBA90000A498F3 /* M2DAPIGatekeeper.m in Sources */,
			);
			runOnlyForDeploymentPostprocessing = 0;
		};
/* End PBXSourcesBuildPhase section */

/* Begin PBXVariantGroup section */
		6003F5B8195388D20070C39A /* InfoPlist.strings */ = {
			isa = PBXVariantGroup;
			children = (
				6003F5B9195388D20070C39A /* en */,
			);
			name = InfoPlist.strings;
			sourceTree = "<group>";
		};
/* End PBXVariantGroup section */

/* Begin XCBuildConfiguration section */
		6003F5BD195388D20070C39A /* Debug */ = {
			isa = XCBuildConfiguration;
			buildSettings = {
				ALWAYS_SEARCH_USER_PATHS = NO;
				CLANG_CXX_LANGUAGE_STANDARD = "gnu++0x";
				CLANG_CXX_LIBRARY = "libc++";
				CLANG_ENABLE_MODULES = YES;
				CLANG_ENABLE_OBJC_ARC = YES;
				CLANG_WARN_BOOL_CONVERSION = YES;
				CLANG_WARN_CONSTANT_CONVERSION = YES;
				CLANG_WARN_DIRECT_OBJC_ISA_USAGE = YES_ERROR;
				CLANG_WARN_EMPTY_BODY = YES;
				CLANG_WARN_ENUM_CONVERSION = YES;
				CLANG_WARN_INT_CONVERSION = YES;
				CLANG_WARN_OBJC_ROOT_CLASS = YES_ERROR;
				CLANG_WARN__DUPLICATE_METHOD_MATCH = YES;
				"CODE_SIGN_IDENTITY[sdk=iphoneos*]" = "iPhone Developer";
				COPY_PHASE_STRIP = NO;
				GCC_C_LANGUAGE_STANDARD = gnu99;
				GCC_DYNAMIC_NO_PIC = NO;
				GCC_OPTIMIZATION_LEVEL = 0;
				GCC_PREPROCESSOR_DEFINITIONS = (
					"DEBUG=1",
					"$(inherited)",
				);
				GCC_SYMBOLS_PRIVATE_EXTERN = NO;
				GCC_WARN_64_TO_32_BIT_CONVERSION = YES;
				GCC_WARN_ABOUT_RETURN_TYPE = YES_ERROR;
				GCC_WARN_UNDECLARED_SELECTOR = YES;
				GCC_WARN_UNINITIALIZED_AUTOS = YES_AGGRESSIVE;
				GCC_WARN_UNUSED_FUNCTION = YES;
				GCC_WARN_UNUSED_VARIABLE = YES;
				IPHONEOS_DEPLOYMENT_TARGET = 7.1;
				ONLY_ACTIVE_ARCH = YES;
				SDKROOT = iphoneos;
				TARGETED_DEVICE_FAMILY = "1,2";
			};
			name = Debug;
		};
		6003F5BE195388D20070C39A /* Release */ = {
			isa = XCBuildConfiguration;
			buildSettings = {
				ALWAYS_SEARCH_USER_PATHS = NO;
				CLANG_CXX_LANGUAGE_STANDARD = "gnu++0x";
				CLANG_CXX_LIBRARY = "libc++";
				CLANG_ENABLE_MODULES = YES;
				CLANG_ENABLE_OBJC_ARC = YES;
				CLANG_WARN_BOOL_CONVERSION = YES;
				CLANG_WARN_CONSTANT_CONVERSION = YES;
				CLANG_WARN_DIRECT_OBJC_ISA_USAGE = YES_ERROR;
				CLANG_WARN_EMPTY_BODY = YES;
				CLANG_WARN_ENUM_CONVERSION = YES;
				CLANG_WARN_INT_CONVERSION = YES;
				CLANG_WARN_OBJC_ROOT_CLASS = YES_ERROR;
				CLANG_WARN__DUPLICATE_METHOD_MATCH = YES;
				"CODE_SIGN_IDENTITY[sdk=iphoneos*]" = "iPhone Developer";
				COPY_PHASE_STRIP = YES;
				ENABLE_NS_ASSERTIONS = NO;
				GCC_C_LANGUAGE_STANDARD = gnu99;
				GCC_WARN_64_TO_32_BIT_CONVERSION = YES;
				GCC_WARN_ABOUT_RETURN_TYPE = YES_ERROR;
				GCC_WARN_UNDECLARED_SELECTOR = YES;
				GCC_WARN_UNINITIALIZED_AUTOS = YES_AGGRESSIVE;
				GCC_WARN_UNUSED_FUNCTION = YES;
				GCC_WARN_UNUSED_VARIABLE = YES;
				IPHONEOS_DEPLOYMENT_TARGET = 7.1;
				SDKROOT = iphoneos;
				TARGETED_DEVICE_FAMILY = "1,2";
				VALIDATE_PRODUCT = YES;
			};
			name = Release;
		};
		6003F5C3195388D20070C39A /* Debug */ = {
			isa = XCBuildConfiguration;
			baseConfigurationReference = EE36EA39BA7DC2A71940E5ED /* Pods-M2DAPIGatekeeper.debug.xcconfig */;
			buildSettings = {
				FRAMEWORK_SEARCH_PATHS = (
					"$(SDKROOT)/Developer/Library/Frameworks",
					"$(inherited)",
					"$(DEVELOPER_FRAMEWORKS_DIR)",
				);
				GCC_PRECOMPILE_PREFIX_HEADER = YES;
				GCC_PREFIX_HEADER = "Tests/Tests-Prefix.pch";
				GCC_PREPROCESSOR_DEFINITIONS = (
					"DEBUG=1",
					"$(inherited)",
				);
				INFOPLIST_FILE = "Tests/Tests-Info.plist";
				PRODUCT_NAME = "$(TARGET_NAME)";
				TEST_HOST = "$(BUNDLE_LOADER)";
				WRAPPER_EXTENSION = xctest;
			};
			name = Debug;
		};
		6003F5C4195388D20070C39A /* Release */ = {
			isa = XCBuildConfiguration;
			baseConfigurationReference = E2089528CD7581F8EEB61297 /* Pods-M2DAPIGatekeeper.release.xcconfig */;
			buildSettings = {
				FRAMEWORK_SEARCH_PATHS = (
					"$(SDKROOT)/Developer/Library/Frameworks",
					"$(inherited)",
					"$(DEVELOPER_FRAMEWORKS_DIR)",
				);
				GCC_PRECOMPILE_PREFIX_HEADER = YES;
				GCC_PREFIX_HEADER = "Tests/Tests-Prefix.pch";
				INFOPLIST_FILE = "Tests/Tests-Info.plist";
				PRODUCT_NAME = "$(TARGET_NAME)";
				TEST_HOST = "$(BUNDLE_LOADER)";
				WRAPPER_EXTENSION = xctest;
			};
			name = Release;
		};
/* End XCBuildConfiguration section */

/* Begin XCConfigurationList section */
		6003F585195388D10070C39A /* Build configuration list for PBXProject "M2DAPIGatekeeper" */ = {
			isa = XCConfigurationList;
			buildConfigurations = (
				6003F5BD195388D20070C39A /* Debug */,
				6003F5BE195388D20070C39A /* Release */,
			);
			defaultConfigurationIsVisible = 0;
			defaultConfigurationName = Release;
		};
		6003F5C2195388D20070C39A /* Build configuration list for PBXNativeTarget "M2DAPIGatekeeper" */ = {
			isa = XCConfigurationList;
			buildConfigurations = (
				6003F5C3195388D20070C39A /* Debug */,
				6003F5C4195388D20070C39A /* Release */,
			);
			defaultConfigurationIsVisible = 0;
			defaultConfigurationName = Release;
		};
/* End XCConfigurationList section */
	};
	rootObject = 6003F582195388D10070C39A /* Project object */;
}
